// !$*UTF8*$!
{
	archiveVersion = 1;
	classes = {
	};
	objectVersion = 46;
	objects = {

/* Begin PBXBuildFile section */
		D64DC2731DF018B3004332E1 /* AppDelegate.swift in Sources */ = {isa = PBXBuildFile; fileRef = D64DC2721DF018B3004332E1 /* AppDelegate.swift */; };
		D64DC2751DF018B3004332E1 /* ViewController.swift in Sources */ = {isa = PBXBuildFile; fileRef = D64DC2741DF018B3004332E1 /* ViewController.swift */; };
		D64DC2781DF018B3004332E1 /* Main.storyboard in Resources */ = {isa = PBXBuildFile; fileRef = D64DC2761DF018B3004332E1 /* Main.storyboard */; };
		D64DC27A1DF018B3004332E1 /* Assets.xcassets in Resources */ = {isa = PBXBuildFile; fileRef = D64DC2791DF018B3004332E1 /* Assets.xcassets */; };
		D64DC27D1DF018B3004332E1 /* LaunchScreen.storyboard in Resources */ = {isa = PBXBuildFile; fileRef = D64DC27B1DF018B3004332E1 /* LaunchScreen.storyboard */; };
		D64DC2851DF01A0E004332E1 /* RollView.swift in Sources */ = {isa = PBXBuildFile; fileRef = D64DC2841DF01A0E004332E1 /* RollView.swift */; };
		D64DC2871DF0223F004332E1 /* 111.jpg in Resources */ = {isa = PBXBuildFile; fileRef = D64DC2861DF0223F004332E1 /* 111.jpg */; };
/* End PBXBuildFile section */

/* Begin PBXFileReference section */
		D64DC26F1DF018B2004332E1 /* RollImgView.app */ = {isa = PBXFileReference; explicitFileType = wrapper.application; includeInIndex = 0; path = RollImgView.app; sourceTree = BUILT_PRODUCTS_DIR; };
		D64DC2721DF018B3004332E1 /* AppDelegate.swift */ = {isa = PBXFileReference; lastKnownFileType = sourcecode.swift; path = AppDelegate.swift; sourceTree = "<group>"; };
		D64DC2741DF018B3004332E1 /* ViewController.swift */ = {isa = PBXFileReference; lastKnownFileType = sourcecode.swift; path = ViewController.swift; sourceTree = "<group>"; };
		D64DC2771DF018B3004332E1 /* Base */ = {isa = PBXFileReference; lastKnownFileType = file.storyboard; name = Base; path = Base.lproj/Main.storyboard; sourceTree = "<group>"; };
		D64DC2791DF018B3004332E1 /* Assets.xcassets */ = {isa = PBXFileReference; lastKnownFileType = folder.assetcatalog; path = Assets.xcassets; sourceTree = "<group>"; };
		D64DC27C1DF018B3004332E1 /* Base */ = {isa = PBXFileReference; lastKnownFileType = file.storyboard; name = Base; path = Base.lproj/LaunchScreen.storyboard; sourceTree = "<group>"; };
		D64DC27E1DF018B3004332E1 /* Info.plist */ = {isa = PBXFileReference; lastKnownFileType = text.plist.xml; path = Info.plist; sourceTree = "<group>"; };
		D64DC2841DF01A0E004332E1 /* RollView.swift */ = {isa = PBXFileReference; fileEncoding = 4; lastKnownFileType = sourcecode.swift; path = RollView.swift; sourceTree = "<group>"; };
		D64DC2861DF0223F004332E1 /* 111.jpg */ = {isa = PBXFileReference; lastKnownFileType = image.jpeg; path = 111.jpg; sourceTree = "<group>"; };
/* End PBXFileReference section */

/* Begin PBXFrameworksBuildPhase section */
		D64DC26C1DF018B2004332E1 /* Frameworks */ = {
			isa = PBXFrameworksBuildPhase;
			buildActionMask = 2147483647;
			files = (
			);
			runOnlyForDeploymentPostprocessing = 0;
		};
/* End PBXFrameworksBuildPhase section */

/* Begin PBXGroup section */
		D64DC2661DF018B2004332E1 = {
			isa = PBXGroup;
			children = (
				D64DC2711DF018B2004332E1 /* RollImgView */,
				D64DC2701DF018B2004332E1 /* Products */,
			);
			sourceTree = "<group>";
		};
		D64DC2701DF018B2004332E1 /* Products */ = {
			isa = PBXGroup;
			children = (
				D64DC26F1DF018B2004332E1 /* RollImgView.app */,
			);
			name = Products;
			sourceTree = "<group>";
		};
		D64DC2711DF018B2004332E1 /* RollImgView */ = {
			isa = PBXGroup;
			children = (
				D64DC28A1DF02A4E004332E1 /* img */,
				D64DC2721DF018B3004332E1 /* AppDelegate.swift */,
				D64DC2741DF018B3004332E1 /* ViewController.swift */,
				D64DC2841DF01A0E004332E1 /* RollView.swift */,
				D64DC2761DF018B3004332E1 /* Main.storyboard */,
				D64DC2791DF018B3004332E1 /* Assets.xcassets */,
				D64DC27B1DF018B3004332E1 /* LaunchScreen.storyboard */,
				D64DC27E1DF018B3004332E1 /* Info.plist */,
			);
			path = RollImgView;
			sourceTree = "<group>";
		};
		D64DC28A1DF02A4E004332E1 /* img */ = {
			isa = PBXGroup;
			children = (
				D64DC2861DF0223F004332E1 /* 111.jpg */,
			);
			name = img;
			sourceTree = "<group>";
		};
/* End PBXGroup section */

/* Begin PBXNativeTarget section */
		D64DC26E1DF018B2004332E1 /* RollImgView */ = {
			isa = PBXNativeTarget;
			buildConfigurationList = D64DC2811DF018B3004332E1 /* Build configuration list for PBXNativeTarget "RollImgView" */;
			buildPhases = (
				D64DC26B1DF018B2004332E1 /* Sources */,
				D64DC26C1DF018B2004332E1 /* Frameworks */,
				D64DC26D1DF018B2004332E1 /* Resources */,
			);
			buildRules = (
			);
			dependencies = (
			);
			name = RollImgView;
			productName = RollImgView;
			productReference = D64DC26F1DF018B2004332E1 /* RollImgView.app */;
			productType = "com.apple.product-type.application";
		};
/* End PBXNativeTarget section */

/* Begin PBXProject section */
		D64DC2671DF018B2004332E1 /* Project object */ = {
			isa = PBXProject;
			attributes = {
				LastSwiftUpdateCheck = 0810;
				LastUpgradeCheck = 0810;
				ORGANIZATIONNAME = sqluo;
				TargetAttributes = {
					D64DC26E1DF018B2004332E1 = {
						CreatedOnToolsVersion = 8.1;
						DevelopmentTeam = NP7D9SC777;
						ProvisioningStyle = Automatic;
					};
				};
			};
			buildConfigurationList = D64DC26A1DF018B2004332E1 /* Build configuration list for PBXProject "RollImgView" */;
			compatibilityVersion = "Xcode 3.2";
			developmentRegion = English;
			hasScannedForEncodings = 0;
			knownRegions = (
				en,
				Base,
			);
			mainGroup = D64DC2661DF018B2004332E1;
			productRefGroup = D64DC2701DF018B2004332E1 /* Products */;
			projectDirPath = "";
			projectRoot = "";
			targets = (
				D64DC26E1DF018B2004332E1 /* RollImgView */,
			);
		};
/* End PBXProject section */

/* Begin PBXResourcesBuildPhase section */
		D64DC26D1DF018B2004332E1 /* Resources */ = {
			isa = PBXResourcesBuildPhase;
			buildActionMask = 2147483647;
			files = (
				D64DC27D1DF018B3004332E1 /* LaunchScreen.storyboard in Resources */,
				D64DC2871DF0223F004332E1 /* 111.jpg in Resources */,
				D64DC27A1DF018B3004332E1 /* Assets.xcassets in Resources */,
				D64DC2781DF018B3004332E1 /* Main.storyboard in Resources */,
			);
			runOnlyForDeploymentPostprocessing = 0;
		};
/* End PBXResourcesBuildPhase section */

/* Begin PBXSourcesBuildPhase section */
		D64DC26B1DF018B2004332E1 /* Sources */ = {
			isa = PBXSourcesBuildPhase;
			buildActionMask = 2147483647;
			files = (
				D64DC2851DF01A0E004332E1 /* RollView.swift in Sources */,
				D64DC2751DF018B3004332E1 /* ViewController.swift in Sources */,
				D64DC2731DF018B3004332E1 /* AppDelegate.swift in Sources */,
			);
			runOnlyForDeploymentPostprocessing = 0;
		};
/* End PBXSourcesBuildPhase section */

/* Begin PBXVariantGroup section */
		D64DC2761DF018B3004332E1 /* Main.storyboard */ = {
			isa = PBXVariantGroup;
			children = (
				D64DC2771DF018B3004332E1 /* Base */,
			);
			name = Main.storyboard;
			sourceTree = "<group>";
		};
		D64DC27B1DF018B3004332E1 /* LaunchScreen.storyboard */ = {
			isa = PBXVariantGroup;
			children = (
				D64DC27C1DF018B3004332E1 /* Base */,
			);
			name = LaunchScreen.storyboard;
			sourceTree = "<group>";
		};
/* End PBXVariantGroup section */

/* Begin XCBuildConfiguration section */
		D64DC27F1DF018B3004332E1 /* Debug */ = {
			isa = XCBuildConfiguration;
			buildSettings = {
				ALWAYS_SEARCH_USER_PATHS = NO;
				CLANG_ANALYZER_NONNULL = YES;
				CLANG_CXX_LANGUAGE_STANDARD = "gnu++0x";
				CLANG_CXX_LIBRARY = "libc++";
				CLANG_ENABLE_MODULES = YES;
				CLANG_ENABLE_OBJC_ARC = YES;
				CLANG_WARN_BOOL_CONVERSION = YES;
				CLANG_WARN_CONSTANT_CONVERSION = YES;
				CLANG_WARN_DIRECT_OBJC_ISA_USAGE = YES_ERROR;
				CLANG_WARN_DOCUMENTATION_COMMENTS = YES;
				CLANG_WARN_EMPTY_BODY = YES;
				CLANG_WARN_ENUM_CONVERSION = YES;
				CLANG_WARN_INFINITE_RECURSION = YES;
				CLANG_WARN_INT_CONVERSION = YES;
				CLANG_WARN_OBJC_ROOT_CLASS = YES_ERROR;
				CLANG_WARN_SUSPICIOUS_MOVES = YES;
				CLANG_WARN_UNREACHABLE_CODE = YES;
				CLANG_WARN__DUPLICATE_METHOD_MATCH = YES;
				"CODE_SIGN_IDENTITY[sdk=iphoneos*]" = "iPhone Developer";
				COPY_PHASE_STRIP = NO;
				DEBUG_INFORMATION_FORMAT = dwarf;
				ENABLE_STRICT_OBJC_MSGSEND = YES;
				ENABLE_TESTABILITY = YES;
				GCC_C_LANGUAGE_STANDARD = gnu99;
				GCC_DYNAMIC_NO_PIC = NO;
				GCC_NO_COMMON_BLOCKS = YES;
				GCC_OPTIMIZATION_LEVEL = 0;
				GCC_PREPROCESSOR_DEFINITIONS = (
					"DEBUG=1",
					"$(inherited)",
				);
				GCC_WARN_64_TO_32_BIT_CONVERSION = YES;
				GCC_WARN_ABOUT_RETURN_TYPE = YES_ERROR;
				GCC_WARN_UNDECLARED_SELECTOR = YES;
				GCC_WARN_UNINITIALIZED_AUTOS = YES_AGGRESSIVE;
				GCC_WARN_UNUSED_FUNCTION = YES;
				GCC_WARN_UNUSED_VARIABLE = YES;
				IPHONEOS_DEPLOYMENT_TARGET = 10.1;
				MTL_ENABLE_DEBUG_INFO = YES;
				ONLY_ACTIVE_ARCH = YES;
				SDKROOT = iphoneos;
				SWIFT_ACTIVE_COMPILATION_CONDITIONS = DEBUG;
				SWIFT_OPTIMIZATION_LEVEL = "-Onone";
			};
			name = Debug;
		};
		D64DC2801DF018B3004332E1 /* Release */ = {
			isa = XCBuildConfiguration;
			buildSettings = {
				ALWAYS_SEARCH_USER_PATHS = NO;
				CLANG_ANALYZER_NONNULL = YES;
				CLANG_CXX_LANGUAGE_STANDARD = "gnu++0x";
				CLANG_CXX_LIBRARY = "libc++";
				CLANG_ENABLE_MODULES = YES;
				CLANG_ENABLE_OBJC_ARC = YES;
				CLANG_WARN_BOOL_CONVERSION = YES;
				CLANG_WARN_CONSTANT_CONVERSION = YES;
				CLANG_WARN_DIRECT_OBJC_ISA_USAGE = YES_ERROR;
				CLANG_WARN_DOCUMENTATION_COMMENTS = YES;
				CLANG_WARN_EMPTY_BODY = YES;
				CLANG_WARN_ENUM_CONVERSION = YES;
				CLANG_WARN_INFINITE_RECURSION = YES;
				CLANG_WARN_INT_CONVERSION = YES;
				CLANG_WARN_OBJC_ROOT_CLASS = YES_ERROR;
				CLANG_WARN_SUSPICIOUS_MOVES = YES;
				CLANG_WARN_UNREACHABLE_CODE = YES;
				CLANG_WARN__DUPLICATE_METHOD_MATCH = YES;
				"CODE_SIGN_IDENTITY[sdk=iphoneos*]" = "iPhone Developer";
				COPY_PHASE_STRIP = NO;
				DEBUG_INFORMATION_FORMAT = "dwarf-with-dsym";
				ENABLE_NS_ASSERTIONS = NO;
				ENABLE_STRICT_OBJC_MSGSEND = YES;
				GCC_C_LANGUAGE_STANDARD = gnu99;
				GCC_NO_COMMON_BLOCKS = YES;
				GCC_WARN_64_TO_32_BIT_CONVERSION = YES;
				GCC_WARN_ABOUT_RETURN_TYPE = YES_ERROR;
				GCC_WARN_UNDECLARED_SELECTOR = YES;
				GCC_WARN_UNINITIALIZED_AUTOS = YES_AGGRESSIVE;
				GCC_WARN_UNUSED_FUNCTION = YES;
				GCC_WARN_UNUSED_VARIABLE = YES;
				IPHONEOS_DEPLOYMENT_TARGET = 10.1;
				MTL_ENABLE_DEBUG_INFO = NO;
				SDKROOT = iphoneos;
				SWIFT_OPTIMIZATION_LEVEL = "-Owholemodule";
				VALIDATE_PRODUCT = YES;
			};
			name = Release;
		};
		D64DC2821DF018B3004332E1 /* Debug */ = {
			isa = XCBuildConfiguration;
			buildSettings = {
				ASSETCATALOG_COMPILER_APPICON_NAME = AppIcon;
				DEVELOPMENT_TEAM = NP7D9SC777;
				INFOPLIST_FILE = RollImgView/Info.plist;
				IPHONEOS_DEPLOYMENT_TARGET = 8.0;
				LD_RUNPATH_SEARCH_PATHS = "$(inherited) @executable_path/Frameworks";
				PRODUCT_BUNDLE_IDENTIFIER = com.sql.RollImgView;
				PRODUCT_NAME = "$(TARGET_NAME)";
				SWIFT_VERSION = 3.0;
			};
			name = Debug;
		};
		D64DC2831DF018B3004332E1 /* Release */ = {
			isa = XCBuildConfiguration;
			buildSettings = {
				ASSETCATALOG_COMPILER_APPICON_NAME = AppIcon;
				DEVELOPMENT_TEAM = NP7D9SC777;
				INFOPLIST_FILE = RollImgView/Info.plist;
				IPHONEOS_DEPLOYMENT_TARGET = 8.0;
				LD_RUNPATH_SEARCH_PATHS = "$(inherited) @executable_path/Frameworks";
				PRODUCT_BUNDLE_IDENTIFIER = com.sql.RollImgView;
				PRODUCT_NAME = "$(TARGET_NAME)";
				SWIFT_VERSION = 3.0;
			};
			name = Release;
		};
/* End XCBuildConfiguration section */

/* Begin XCConfigurationList section */
		D64DC26A1DF018B2004332E1 /* Build configuration list for PBXProject "RollImgView" */ = {
			isa = XCConfigurationList;
			buildConfigurations = (
				D64DC27F1DF018B3004332E1 /* Debug */,
				D64DC2801DF018B3004332E1 /* Release */,
			);
			defaultConfigurationIsVisible = 0;
			defaultConfigurationName = Release;
		};
		D64DC2811DF018B3004332E1 /* Build configuration list for PBXNativeTarget "RollImgView" */ = {
			isa = XCConfigurationList;
			buildConfigurations = (
				D64DC2821DF018B3004332E1 /* Debug */,
				D64DC2831DF018B3004332E1 /* Release */,
			);
			defaultConfigurationIsVisible = 0;
		};
/* End XCConfigurationList section */
	};
	rootObject = D64DC2671DF018B2004332E1 /* Project object */;
}
